
Microsoft Visual Studio Solution File, Format Version 12.00
# Visual Studio Version 17
VisualStudioVersion = 17.1.32210.238
MinimumVisualStudioVersion = 10.0.40219.1
Project("{FAE04EC0-301F-11D3-BF4B-00C04F79EFBC}") = "WebApplication2", "WebApplication2\WebApplication2.csproj", "{C045C7DB-9EEA-4671-88EF-C99FA709BF2B}"
EndProject
Global
	GlobalSection(SolutionConfigurationPlatforms) = preSolution
		Debug|Any CPU = Debug|Any CPU
		Release|Any CPU = Release|Any CPU
	EndGlobalSection
	GlobalSection(ProjectConfigurationPlatforms) = postSolution
		{C045C7DB-9EEA-4671-88EF-C99FA709BF2B}.Debug|Any CPU.ActiveCfg = Debug|Any CPU
		{C045C7DB-9EEA-4671-88EF-C99FA709BF2B}.Debug|Any CPU.Build.0 = Debug|Any CPU
		{C045C7DB-9EEA-4671-88EF-C99FA709BF2B}.Release|Any CPU.ActiveCfg = Release|Any CPU
		{C045C7DB-9EEA-4671-88EF-C99FA709BF2B}.Release|Any CPU.Build.0 = Release|Any CPU
	EndGlobalSection
	GlobalSection(SolutionProperties) = preSolution
		HideSolutionNode = FALSE
	EndGlobalSection
	GlobalSection(ExtensibilityGlobals) = postSolution
		SolutionGuid = {B8090446-B2EF-4B49-B2B7-A783D777C2D1}
	EndGlobalSection
EndGlobal
